
Microsoft Visual Studio Solution File, Format Version 12.00
# Visual Studio Version 16
VisualStudioVersion = 16.0.28803.452
MinimumVisualStudioVersion = 10.0.40219.1
Project("{9A19103F-16F7-4668-BE54-9A1E7A4F7556}") = "Playground.Tests", "Csharp.Playground\Playground.Tests.csproj", "{3A466C3C-ED71-44E3-8EE7-44259AAB0A73}"
EndProject
Project("{FAE04EC0-301F-11D3-BF4B-00C04F79EFBC}") = "Playground.NetFramework.Tests", "Playground.NetFramework.Tests\Playground.NetFramework.Tests.csproj", "{CC8B7BE1-F585-4056-85D4-28F7B0E08DA6}"
EndProject
Project("{9A19103F-16F7-4668-BE54-9A1E7A4F7556}") = "Playground.Core", "Playground.Core\Playground.Core.csproj", "{0C2F42C1-F799-415A-8D85-B59BDDF80E81}"
EndProject
Project("{FAE04EC0-301F-11D3-BF4B-00C04F79EFBC}") = "Playground.NetCore", "Playground.NetCore\Playground.NetCore.csproj", "{4BE2F606-759A-4B27-9F65-40C16037026B}"
EndProject
Global
	GlobalSection(SolutionConfigurationPlatforms) = preSolution
		Debug|Any CPU = Debug|Any CPU
		Release|Any CPU = Release|Any CPU
	EndGlobalSection
	GlobalSection(ProjectConfigurationPlatforms) = postSolution
		{3A466C3C-ED71-44E3-8EE7-44259AAB0A73}.Debug|Any CPU.ActiveCfg = Debug|Any CPU
		{3A466C3C-ED71-44E3-8EE7-44259AAB0A73}.Debug|Any CPU.Build.0 = Debug|Any CPU
		{3A466C3C-ED71-44E3-8EE7-44259AAB0A73}.Release|Any CPU.ActiveCfg = Release|Any CPU
		{3A466C3C-ED71-44E3-8EE7-44259AAB0A73}.Release|Any CPU.Build.0 = Release|Any CPU
		{CC8B7BE1-F585-4056-85D4-28F7B0E08DA6}.Debug|Any CPU.ActiveCfg = Debug|Any CPU
		{CC8B7BE1-F585-4056-85D4-28F7B0E08DA6}.Debug|Any CPU.Build.0 = Debug|Any CPU
		{CC8B7BE1-F585-4056-85D4-28F7B0E08DA6}.Release|Any CPU.ActiveCfg = Release|Any CPU
		{CC8B7BE1-F585-4056-85D4-28F7B0E08DA6}.Release|Any CPU.Build.0 = Release|Any CPU
		{0C2F42C1-F799-415A-8D85-B59BDDF80E81}.Debug|Any CPU.ActiveCfg = Debug|Any CPU
		{0C2F42C1-F799-415A-8D85-B59BDDF80E81}.Debug|Any CPU.Build.0 = Debug|Any CPU
		{0C2F42C1-F799-415A-8D85-B59BDDF80E81}.Release|Any CPU.ActiveCfg = Release|Any CPU
		{0C2F42C1-F799-415A-8D85-B59BDDF80E81}.Release|Any CPU.Build.0 = Release|Any CPU
		{4BE2F606-759A-4B27-9F65-40C16037026B}.Debug|Any CPU.ActiveCfg = Debug|Any CPU
		{4BE2F606-759A-4B27-9F65-40C16037026B}.Debug|Any CPU.Build.0 = Debug|Any CPU
		{4BE2F606-759A-4B27-9F65-40C16037026B}.Release|Any CPU.ActiveCfg = Release|Any CPU
		{4BE2F606-759A-4B27-9F65-40C16037026B}.Release|Any CPU.Build.0 = Release|Any CPU
	EndGlobalSection
	GlobalSection(SolutionProperties) = preSolution
		HideSolutionNode = FALSE
	EndGlobalSection
	GlobalSection(ExtensibilityGlobals) = postSolution
		SolutionGuid = {EE82D05B-43EA-4846-8D78-18E04F63ED81}
	EndGlobalSection
EndGlobal
